// !$*UTF8*$!
{
	archiveVersion = 1;
	classes = {
	};
	objectVersion = 48;
	objects = {

/* Begin PBXBuildFile section */
		2CF53F8F1F324703001C3D0A /* AppDelegate.swift in Sources */ = {isa = PBXBuildFile; fileRef = 2CF53F8E1F324703001C3D0A /* AppDelegate.swift */; };
		2CF53F911F324703001C3D0A /* ViewController.swift in Sources */ = {isa = PBXBuildFile; fileRef = 2CF53F901F324703001C3D0A /* ViewController.swift */; };
		2CF53F941F324703001C3D0A /* Main.storyboard in Resources */ = {isa = PBXBuildFile; fileRef = 2CF53F921F324703001C3D0A /* Main.storyboard */; };
		2CF53F961F324703001C3D0A /* Assets.xcassets in Resources */ = {isa = PBXBuildFile; fileRef = 2CF53F951F324703001C3D0A /* Assets.xcassets */; };
		2CF53F991F324703001C3D0A /* LaunchScreen.storyboard in Resources */ = {isa = PBXBuildFile; fileRef = 2CF53F971F324703001C3D0A /* LaunchScreen.storyboard */; };
		2CF53FA41F324703001C3D0A /* YFMoreViewControllerTests.swift in Sources */ = {isa = PBXBuildFile; fileRef = 2CF53FA31F324703001C3D0A /* YFMoreViewControllerTests.swift */; };
		2CF53FAF1F324703001C3D0A /* YFMoreViewControllerUITests.swift in Sources */ = {isa = PBXBuildFile; fileRef = 2CF53FAE1F324703001C3D0A /* YFMoreViewControllerUITests.swift */; };
		2CF53FBE1F324758001C3D0A /* YFMoreItemView.swift in Sources */ = {isa = PBXBuildFile; fileRef = 2CF53FBD1F324758001C3D0A /* YFMoreItemView.swift */; };
		2CF53FC01F324799001C3D0A /* YFMoreViewDelegate.swift in Sources */ = {isa = PBXBuildFile; fileRef = 2CF53FBF1F324799001C3D0A /* YFMoreViewDelegate.swift */; };
		2CF53FC21F324820001C3D0A /* YFMoreViewController.swift in Sources */ = {isa = PBXBuildFile; fileRef = 2CF53FC11F324820001C3D0A /* YFMoreViewController.swift */; };
/* End PBXBuildFile section */

/* Begin PBXContainerItemProxy section */
		2CF53FA01F324703001C3D0A /* PBXContainerItemProxy */ = {
			isa = PBXContainerItemProxy;
			containerPortal = 2CF53F831F324703001C3D0A /* Project object */;
			proxyType = 1;
			remoteGlobalIDString = 2CF53F8A1F324703001C3D0A;
			remoteInfo = YFMoreViewController;
		};
		2CF53FAB1F324703001C3D0A /* PBXContainerItemProxy */ = {
			isa = PBXContainerItemProxy;
			containerPortal = 2CF53F831F324703001C3D0A /* Project object */;
			proxyType = 1;
			remoteGlobalIDString = 2CF53F8A1F324703001C3D0A;
			remoteInfo = YFMoreViewController;
		};
/* End PBXContainerItemProxy section */

/* Begin PBXFileReference section */
		2CF53F8B1F324703001C3D0A /* YFMoreViewController.app */ = {isa = PBXFileReference; explicitFileType = wrapper.application; includeInIndex = 0; path = YFMoreViewController.app; sourceTree = BUILT_PRODUCTS_DIR; };
		2CF53F8E1F324703001C3D0A /* AppDelegate.swift */ = {isa = PBXFileReference; lastKnownFileType = sourcecode.swift; path = AppDelegate.swift; sourceTree = "<group>"; };
		2CF53F901F324703001C3D0A /* ViewController.swift */ = {isa = PBXFileReference; lastKnownFileType = sourcecode.swift; path = ViewController.swift; sourceTree = "<group>"; };
		2CF53F931F324703001C3D0A /* Base */ = {isa = PBXFileReference; lastKnownFileType = file.storyboard; name = Base; path = Base.lproj/Main.storyboard; sourceTree = "<group>"; };
		2CF53F951F324703001C3D0A /* Assets.xcassets */ = {isa = PBXFileReference; lastKnownFileType = folder.assetcatalog; path = Assets.xcassets; sourceTree = "<group>"; };
		2CF53F981F324703001C3D0A /* Base */ = {isa = PBXFileReference; lastKnownFileType = file.storyboard; name = Base; path = Base.lproj/LaunchScreen.storyboard; sourceTree = "<group>"; };
		2CF53F9A1F324703001C3D0A /* Info.plist */ = {isa = PBXFileReference; lastKnownFileType = text.plist.xml; path = Info.plist; sourceTree = "<group>"; };
		2CF53F9F1F324703001C3D0A /* YFMoreViewControllerTests.xctest */ = {isa = PBXFileReference; explicitFileType = wrapper.cfbundle; includeInIndex = 0; path = YFMoreViewControllerTests.xctest; sourceTree = BUILT_PRODUCTS_DIR; };
		2CF53FA31F324703001C3D0A /* YFMoreViewControllerTests.swift */ = {isa = PBXFileReference; lastKnownFileType = sourcecode.swift; path = YFMoreViewControllerTests.swift; sourceTree = "<group>"; };
		2CF53FA51F324703001C3D0A /* Info.plist */ = {isa = PBXFileReference; lastKnownFileType = text.plist.xml; path = Info.plist; sourceTree = "<group>"; };
		2CF53FAA1F324703001C3D0A /* YFMoreViewControllerUITests.xctest */ = {isa = PBXFileReference; explicitFileType = wrapper.cfbundle; includeInIndex = 0; path = YFMoreViewControllerUITests.xctest; sourceTree = BUILT_PRODUCTS_DIR; };
		2CF53FAE1F324703001C3D0A /* YFMoreViewControllerUITests.swift */ = {isa = PBXFileReference; lastKnownFileType = sourcecode.swift; path = YFMoreViewControllerUITests.swift; sourceTree = "<group>"; };
		2CF53FB01F324703001C3D0A /* Info.plist */ = {isa = PBXFileReference; lastKnownFileType = text.plist.xml; path = Info.plist; sourceTree = "<group>"; };
		2CF53FBD1F324758001C3D0A /* YFMoreItemView.swift */ = {isa = PBXFileReference; lastKnownFileType = sourcecode.swift; path = YFMoreItemView.swift; sourceTree = "<group>"; };
		2CF53FBF1F324799001C3D0A /* YFMoreViewDelegate.swift */ = {isa = PBXFileReference; lastKnownFileType = sourcecode.swift; path = YFMoreViewDelegate.swift; sourceTree = "<group>"; };
		2CF53FC11F324820001C3D0A /* YFMoreViewController.swift */ = {isa = PBXFileReference; lastKnownFileType = sourcecode.swift; path = YFMoreViewController.swift; sourceTree = "<group>"; };
/* End PBXFileReference section */

/* Begin PBXFrameworksBuildPhase section */
		2CF53F881F324703001C3D0A /* Frameworks */ = {
			isa = PBXFrameworksBuildPhase;
			buildActionMask = 2147483647;
			files = (
			);
			runOnlyForDeploymentPostprocessing = 0;
		};
		2CF53F9C1F324703001C3D0A /* Frameworks */ = {
			isa = PBXFrameworksBuildPhase;
			buildActionMask = 2147483647;
			files = (
			);
			runOnlyForDeploymentPostprocessing = 0;
		};
		2CF53FA71F324703001C3D0A /* Frameworks */ = {
			isa = PBXFrameworksBuildPhase;
			buildActionMask = 2147483647;
			files = (
			);
			runOnlyForDeploymentPostprocessing = 0;
		};
/* End PBXFrameworksBuildPhase section */

/* Begin PBXGroup section */
		2CF53F821F324703001C3D0A = {
			isa = PBXGroup;
			children = (
				2CF53F8D1F324703001C3D0A /* YFMoreViewController */,
				2CF53FA21F324703001C3D0A /* YFMoreViewControllerTests */,
				2CF53FAD1F324703001C3D0A /* YFMoreViewControllerUITests */,
				2CF53F8C1F324703001C3D0A /* Products */,
			);
			sourceTree = "<group>";
		};
		2CF53F8C1F324703001C3D0A /* Products */ = {
			isa = PBXGroup;
			children = (
				2CF53F8B1F324703001C3D0A /* YFMoreViewController.app */,
				2CF53F9F1F324703001C3D0A /* YFMoreViewControllerTests.xctest */,
				2CF53FAA1F324703001C3D0A /* YFMoreViewControllerUITests.xctest */,
			);
			name = Products;
			sourceTree = "<group>";
		};
		2CF53F8D1F324703001C3D0A /* YFMoreViewController */ = {
			isa = PBXGroup;
			children = (
				2CF53FBC1F324728001C3D0A /* Sources */,
				2CF53F8E1F324703001C3D0A /* AppDelegate.swift */,
				2CF53F901F324703001C3D0A /* ViewController.swift */,
				2CF53F921F324703001C3D0A /* Main.storyboard */,
				2CF53F951F324703001C3D0A /* Assets.xcassets */,
				2CF53F971F324703001C3D0A /* LaunchScreen.storyboard */,
				2CF53F9A1F324703001C3D0A /* Info.plist */,
			);
			path = YFMoreViewController;
			sourceTree = "<group>";
		};
		2CF53FA21F324703001C3D0A /* YFMoreViewControllerTests */ = {
			isa = PBXGroup;
			children = (
				2CF53FA31F324703001C3D0A /* YFMoreViewControllerTests.swift */,
				2CF53FA51F324703001C3D0A /* Info.plist */,
			);
			path = YFMoreViewControllerTests;
			sourceTree = "<group>";
		};
		2CF53FAD1F324703001C3D0A /* YFMoreViewControllerUITests */ = {
			isa = PBXGroup;
			children = (
				2CF53FAE1F324703001C3D0A /* YFMoreViewControllerUITests.swift */,
				2CF53FB01F324703001C3D0A /* Info.plist */,
			);
			path = YFMoreViewControllerUITests;
			sourceTree = "<group>";
		};
		2CF53FBC1F324728001C3D0A /* Sources */ = {
			isa = PBXGroup;
			children = (
				2CF53FBD1F324758001C3D0A /* YFMoreItemView.swift */,
				2CF53FBF1F324799001C3D0A /* YFMoreViewDelegate.swift */,
				2CF53FC11F324820001C3D0A /* YFMoreViewController.swift */,
			);
			path = Sources;
			sourceTree = "<group>";
		};
/* End PBXGroup section */

/* Begin PBXNativeTarget section */
		2CF53F8A1F324703001C3D0A /* YFMoreViewController */ = {
			isa = PBXNativeTarget;
			buildConfigurationList = 2CF53FB31F324703001C3D0A /* Build configuration list for PBXNativeTarget "YFMoreViewController" */;
			buildPhases = (
				2CF53F871F324703001C3D0A /* Sources */,
				2CF53F881F324703001C3D0A /* Frameworks */,
				2CF53F891F324703001C3D0A /* Resources */,
			);
			buildRules = (
			);
			dependencies = (
			);
			name = YFMoreViewController;
			productName = YFMoreViewController;
			productReference = 2CF53F8B1F324703001C3D0A /* YFMoreViewController.app */;
			productType = "com.apple.product-type.application";
		};
		2CF53F9E1F324703001C3D0A /* YFMoreViewControllerTests */ = {
			isa = PBXNativeTarget;
			buildConfigurationList = 2CF53FB61F324703001C3D0A /* Build configuration list for PBXNativeTarget "YFMoreViewControllerTests" */;
			buildPhases = (
				2CF53F9B1F324703001C3D0A /* Sources */,
				2CF53F9C1F324703001C3D0A /* Frameworks */,
				2CF53F9D1F324703001C3D0A /* Resources */,
			);
			buildRules = (
			);
			dependencies = (
				2CF53FA11F324703001C3D0A /* PBXTargetDependency */,
			);
			name = YFMoreViewControllerTests;
			productName = YFMoreViewControllerTests;
			productReference = 2CF53F9F1F324703001C3D0A /* YFMoreViewControllerTests.xctest */;
			productType = "com.apple.product-type.bundle.unit-test";
		};
		2CF53FA91F324703001C3D0A /* YFMoreViewControllerUITests */ = {
			isa = PBXNativeTarget;
			buildConfigurationList = 2CF53FB91F324703001C3D0A /* Build configuration list for PBXNativeTarget "YFMoreViewControllerUITests" */;
			buildPhases = (
				2CF53FA61F324703001C3D0A /* Sources */,
				2CF53FA71F324703001C3D0A /* Frameworks */,
				2CF53FA81F324703001C3D0A /* Resources */,
			);
			buildRules = (
			);
			dependencies = (
				2CF53FAC1F324703001C3D0A /* PBXTargetDependency */,
			);
			name = YFMoreViewControllerUITests;
			productName = YFMoreViewControllerUITests;
			productReference = 2CF53FAA1F324703001C3D0A /* YFMoreViewControllerUITests.xctest */;
			productType = "com.apple.product-type.bundle.ui-testing";
		};
/* End PBXNativeTarget section */

/* Begin PBXProject section */
		2CF53F831F324703001C3D0A /* Project object */ = {
			isa = PBXProject;
			attributes = {
				LastSwiftUpdateCheck = 0900;
				LastUpgradeCheck = 0900;
				ORGANIZATIONNAME = "Suzhou Coryphaei Information&Technology Co., Ltd";
				TargetAttributes = {
					2CF53F8A1F324703001C3D0A = {
						CreatedOnToolsVersion = 9.0;
					};
					2CF53F9E1F324703001C3D0A = {
						CreatedOnToolsVersion = 9.0;
						TestTargetID = 2CF53F8A1F324703001C3D0A;
					};
					2CF53FA91F324703001C3D0A = {
						CreatedOnToolsVersion = 9.0;
						TestTargetID = 2CF53F8A1F324703001C3D0A;
					};
				};
			};
			buildConfigurationList = 2CF53F861F324703001C3D0A /* Build configuration list for PBXProject "YFMoreViewController" */;
			compatibilityVersion = "Xcode 8.0";
			developmentRegion = en;
			hasScannedForEncodings = 0;
			knownRegions = (
				en,
				Base,
			);
			mainGroup = 2CF53F821F324703001C3D0A;
			productRefGroup = 2CF53F8C1F324703001C3D0A /* Products */;
			projectDirPath = "";
			projectRoot = "";
			targets = (
				2CF53F8A1F324703001C3D0A /* YFMoreViewController */,
				2CF53F9E1F324703001C3D0A /* YFMoreViewControllerTests */,
				2CF53FA91F324703001C3D0A /* YFMoreViewControllerUITests */,
			);
		};
/* End PBXProject section */

/* Begin PBXResourcesBuildPhase section */
		2CF53F891F324703001C3D0A /* Resources */ = {
			isa = PBXResourcesBuildPhase;
			buildActionMask = 2147483647;
			files = (
				2CF53F991F324703001C3D0A /* LaunchScreen.storyboard in Resources */,
				2CF53F961F324703001C3D0A /* Assets.xcassets in Resources */,
				2CF53F941F324703001C3D0A /* Main.storyboard in Resources */,
			);
			runOnlyForDeploymentPostprocessing = 0;
		};
		2CF53F9D1F324703001C3D0A /* Resources */ = {
			isa = PBXResourcesBuildPhase;
			buildActionMask = 2147483647;
			files = (
			);
			runOnlyForDeploymentPostprocessing = 0;
		};
		2CF53FA81F324703001C3D0A /* Resources */ = {
			isa = PBXResourcesBuildPhase;
			buildActionMask = 2147483647;
			files = (
			);
			runOnlyForDeploymentPostprocessing = 0;
		};
/* End PBXResourcesBuildPhase section */

/* Begin PBXSourcesBuildPhase section */
		2CF53F871F324703001C3D0A /* Sources */ = {
			isa = PBXSourcesBuildPhase;
			buildActionMask = 2147483647;
			files = (
				2CF53FBE1F324758001C3D0A /* YFMoreItemView.swift in Sources */,
				2CF53F911F324703001C3D0A /* ViewController.swift in Sources */,
				2CF53F8F1F324703001C3D0A /* AppDelegate.swift in Sources */,
				2CF53FC01F324799001C3D0A /* YFMoreViewDelegate.swift in Sources */,
				2CF53FC21F324820001C3D0A /* YFMoreViewController.swift in Sources */,
			);
			runOnlyForDeploymentPostprocessing = 0;
		};
		2CF53F9B1F324703001C3D0A /* Sources */ = {
			isa = PBXSourcesBuildPhase;
			buildActionMask = 2147483647;
			files = (
				2CF53FA41F324703001C3D0A /* YFMoreViewControllerTests.swift in Sources */,
			);
			runOnlyForDeploymentPostprocessing = 0;
		};
		2CF53FA61F324703001C3D0A /* Sources */ = {
			isa = PBXSourcesBuildPhase;
			buildActionMask = 2147483647;
			files = (
				2CF53FAF1F324703001C3D0A /* YFMoreViewControllerUITests.swift in Sources */,
			);
			runOnlyForDeploymentPostprocessing = 0;
		};
/* End PBXSourcesBuildPhase section */

/* Begin PBXTargetDependency section */
		2CF53FA11F324703001C3D0A /* PBXTargetDependency */ = {
			isa = PBXTargetDependency;
			target = 2CF53F8A1F324703001C3D0A /* YFMoreViewController */;
			targetProxy = 2CF53FA01F324703001C3D0A /* PBXContainerItemProxy */;
		};
		2CF53FAC1F324703001C3D0A /* PBXTargetDependency */ = {
			isa = PBXTargetDependency;
			target = 2CF53F8A1F324703001C3D0A /* YFMoreViewController */;
			targetProxy = 2CF53FAB1F324703001C3D0A /* PBXContainerItemProxy */;
		};
/* End PBXTargetDependency section */

/* Begin PBXVariantGroup section */
		2CF53F921F324703001C3D0A /* Main.storyboard */ = {
			isa = PBXVariantGroup;
			children = (
				2CF53F931F324703001C3D0A /* Base */,
			);
			name = Main.storyboard;
			sourceTree = "<group>";
		};
		2CF53F971F324703001C3D0A /* LaunchScreen.storyboard */ = {
			isa = PBXVariantGroup;
			children = (
				2CF53F981F324703001C3D0A /* Base */,
			);
			name = LaunchScreen.storyboard;
			sourceTree = "<group>";
		};
/* End PBXVariantGroup section */

/* Begin XCBuildConfiguration section */
		2CF53FB11F324703001C3D0A /* Debug */ = {
			isa = XCBuildConfiguration;
			buildSettings = {
				ALWAYS_SEARCH_USER_PATHS = NO;
				CLANG_ANALYZER_NONNULL = YES;
				CLANG_ANALYZER_NUMBER_OBJECT_CONVERSION = YES_AGGRESSIVE;
				CLANG_CXX_LANGUAGE_STANDARD = "gnu++14";
				CLANG_CXX_LIBRARY = "libc++";
				CLANG_ENABLE_MODULES = YES;
				CLANG_ENABLE_OBJC_ARC = YES;
				CLANG_WARN_BLOCK_CAPTURE_AUTORELEASING = YES;
				CLANG_WARN_BOOL_CONVERSION = YES;
				CLANG_WARN_COMMA = YES;
				CLANG_WARN_CONSTANT_CONVERSION = YES;
				CLANG_WARN_DIRECT_OBJC_ISA_USAGE = YES_ERROR;
				CLANG_WARN_DOCUMENTATION_COMMENTS = YES;
				CLANG_WARN_EMPTY_BODY = YES;
				CLANG_WARN_ENUM_CONVERSION = YES;
				CLANG_WARN_INFINITE_RECURSION = YES;
				CLANG_WARN_INT_CONVERSION = YES;
				CLANG_WARN_OBJC_ROOT_CLASS = YES_ERROR;
				CLANG_WARN_RANGE_LOOP_ANALYSIS = YES;
				CLANG_WARN_STRICT_PROTOTYPES = YES;
				CLANG_WARN_SUSPICIOUS_MOVE = YES;
				CLANG_WARN_UNGUARDED_AVAILABILITY = YES_AGGRESSIVE;
				CLANG_WARN_UNREACHABLE_CODE = YES;
				CLANG_WARN__DUPLICATE_METHOD_MATCH = YES;
				CODE_SIGN_IDENTITY = "iPhone Developer";
				COPY_PHASE_STRIP = NO;
				DEBUG_INFORMATION_FORMAT = dwarf;
				ENABLE_STRICT_OBJC_MSGSEND = YES;
				ENABLE_TESTABILITY = YES;
				GCC_C_LANGUAGE_STANDARD = gnu11;
				GCC_DYNAMIC_NO_PIC = NO;
				GCC_NO_COMMON_BLOCKS = YES;
				GCC_OPTIMIZATION_LEVEL = 0;
				GCC_PREPROCESSOR_DEFINITIONS = (
					"DEBUG=1",
					"$(inherited)",
				);
				GCC_WARN_64_TO_32_BIT_CONVERSION = YES;
				GCC_WARN_ABOUT_RETURN_TYPE = YES_ERROR;
				GCC_WARN_UNDECLARED_SELECTOR = YES;
				GCC_WARN_UNINITIALIZED_AUTOS = YES_AGGRESSIVE;
				GCC_WARN_UNUSED_FUNCTION = YES;
				GCC_WARN_UNUSED_VARIABLE = YES;
				IPHONEOS_DEPLOYMENT_TARGET = 11.0;
				MTL_ENABLE_DEBUG_INFO = YES;
				ONLY_ACTIVE_ARCH = YES;
				SDKROOT = iphoneos;
				SWIFT_ACTIVE_COMPILATION_CONDITIONS = DEBUG;
				SWIFT_OPTIMIZATION_LEVEL = "-Onone";
			};
			name = Debug;
		};
		2CF53FB21F324703001C3D0A /* Release */ = {
			isa = XCBuildConfiguration;
			buildSettings = {
				ALWAYS_SEARCH_USER_PATHS = NO;
				CLANG_ANALYZER_NONNULL = YES;
				CLANG_ANALYZER_NUMBER_OBJECT_CONVERSION = YES_AGGRESSIVE;
				CLANG_CXX_LANGUAGE_STANDARD = "gnu++14";
				CLANG_CXX_LIBRARY = "libc++";
				CLANG_ENABLE_MODULES = YES;
				CLANG_ENABLE_OBJC_ARC = YES;
				CLANG_WARN_BLOCK_CAPTURE_AUTORELEASING = YES;
				CLANG_WARN_BOOL_CONVERSION = YES;
				CLANG_WARN_COMMA = YES;
				CLANG_WARN_CONSTANT_CONVERSION = YES;
				CLANG_WARN_DIRECT_OBJC_ISA_USAGE = YES_ERROR;
				CLANG_WARN_DOCUMENTATION_COMMENTS = YES;
				CLANG_WARN_EMPTY_BODY = YES;
				CLANG_WARN_ENUM_CONVERSION = YES;
				CLANG_WARN_INFINITE_RECURSION = YES;
				CLANG_WARN_INT_CONVERSION = YES;
				CLANG_WARN_OBJC_ROOT_CLASS = YES_ERROR;
				CLANG_WARN_RANGE_LOOP_ANALYSIS = YES;
				CLANG_WARN_STRICT_PROTOTYPES = YES;
				CLANG_WARN_SUSPICIOUS_MOVE = YES;
				CLANG_WARN_UNGUARDED_AVAILABILITY = YES_AGGRESSIVE;
				CLANG_WARN_UNREACHABLE_CODE = YES;
				CLANG_WARN__DUPLICATE_METHOD_MATCH = YES;
				CODE_SIGN_IDENTITY = "iPhone Developer";
				COPY_PHASE_STRIP = NO;
				DEBUG_INFORMATION_FORMAT = "dwarf-with-dsym";
				ENABLE_NS_ASSERTIONS = NO;
				ENABLE_STRICT_OBJC_MSGSEND = YES;
				GCC_C_LANGUAGE_STANDARD = gnu11;
				GCC_NO_COMMON_BLOCKS = YES;
				GCC_WARN_64_TO_32_BIT_CONVERSION = YES;
				GCC_WARN_ABOUT_RETURN_TYPE = YES_ERROR;
				GCC_WARN_UNDECLARED_SELECTOR = YES;
				GCC_WARN_UNINITIALIZED_AUTOS = YES_AGGRESSIVE;
				GCC_WARN_UNUSED_FUNCTION = YES;
				GCC_WARN_UNUSED_VARIABLE = YES;
				IPHONEOS_DEPLOYMENT_TARGET = 11.0;
				MTL_ENABLE_DEBUG_INFO = NO;
				SDKROOT = iphoneos;
				SWIFT_OPTIMIZATION_LEVEL = "-Owholemodule";
				VALIDATE_PRODUCT = YES;
			};
			name = Release;
		};
		2CF53FB41F324703001C3D0A /* Debug */ = {
			isa = XCBuildConfiguration;
			buildSettings = {
				ASSETCATALOG_COMPILER_APPICON_NAME = AppIcon;
				DEVELOPMENT_TEAM = 3WTM5PLDUE;
				INFOPLIST_FILE = YFMoreViewController/Info.plist;
				LD_RUNPATH_SEARCH_PATHS = "$(inherited) @executable_path/Frameworks";
				PRODUCT_BUNDLE_IDENTIFIER = com.coryphaei.YFMoreViewController;
				PRODUCT_NAME = "$(TARGET_NAME)";
				SWIFT_VERSION = 4.2;
				TARGETED_DEVICE_FAMILY = "1,2";
			};
			name = Debug;
		};
		2CF53FB51F324703001C3D0A /* Release */ = {
			isa = XCBuildConfiguration;
			buildSettings = {
				ASSETCATALOG_COMPILER_APPICON_NAME = AppIcon;
				DEVELOPMENT_TEAM = 3WTM5PLDUE;
				INFOPLIST_FILE = YFMoreViewController/Info.plist;
				LD_RUNPATH_SEARCH_PATHS = "$(inherited) @executable_path/Frameworks";
				PRODUCT_BUNDLE_IDENTIFIER = com.coryphaei.YFMoreViewController;
				PRODUCT_NAME = "$(TARGET_NAME)";
				SWIFT_VERSION = 4.2;
				TARGETED_DEVICE_FAMILY = "1,2";
			};
			name = Release;
		};
		2CF53FB71F324703001C3D0A /* Debug */ = {
			isa = XCBuildConfiguration;
			buildSettings = {
				ALWAYS_EMBED_SWIFT_STANDARD_LIBRARIES = YES;
				BUNDLE_LOADER = "$(TEST_HOST)";
				DEVELOPMENT_TEAM = 3WTM5PLDUE;
				INFOPLIST_FILE = YFMoreViewControllerTests/Info.plist;
				LD_RUNPATH_SEARCH_PATHS = "$(inherited) @executable_path/Frameworks @loader_path/Frameworks";
				PRODUCT_BUNDLE_IDENTIFIER = com.coryphaei.YFMoreViewControllerTests;
				PRODUCT_NAME = "$(TARGET_NAME)";
				SWIFT_VERSION = 4.0;
				TARGETED_DEVICE_FAMILY = "1,2";
				TEST_HOST = "$(BUILT_PRODUCTS_DIR)/YFMoreViewController.app/YFMoreViewController";
			};
			name = Debug;
		};
		2CF53FB81F324703001C3D0A /* Release */ = {
			isa = XCBuildConfiguration;
			buildSettings = {
				ALWAYS_EMBED_SWIFT_STANDARD_LIBRARIES = YES;
				BUNDLE_LOADER = "$(TEST_HOST)";
				DEVELOPMENT_TEAM = 3WTM5PLDUE;
				INFOPLIST_FILE = YFMoreViewControllerTests/Info.plist;
				LD_RUNPATH_SEARCH_PATHS = "$(inherited) @executable_path/Frameworks @loader_path/Frameworks";
				PRODUCT_BUNDLE_IDENTIFIER = com.coryphaei.YFMoreViewControllerTests;
				PRODUCT_NAME = "$(TARGET_NAME)";
				SWIFT_VERSION = 4.0;
				TARGETED_DEVICE_FAMILY = "1,2";
				TEST_HOST = "$(BUILT_PRODUCTS_DIR)/YFMoreViewController.app/YFMoreViewController";
			};
			name = Release;
		};
		2CF53FBA1F324703001C3D0A /* Debug */ = {
			isa = XCBuildConfiguration;
			buildSettings = {
				ALWAYS_EMBED_SWIFT_STANDARD_LIBRARIES = YES;
				DEVELOPMENT_TEAM = 3WTM5PLDUE;
				INFOPLIST_FILE = YFMoreViewControllerUITests/Info.plist;
				LD_RUNPATH_SEARCH_PATHS = "$(inherited) @executable_path/Frameworks @loader_path/Frameworks";
				PRODUCT_BUNDLE_IDENTIFIER = com.coryphaei.YFMoreViewControllerUITests;
				PRODUCT_NAME = "$(TARGET_NAME)";
				SWIFT_VERSION = 4.0;
				TARGETED_DEVICE_FAMILY = "1,2";
				TEST_TARGET_NAME = YFMoreViewController;
			};
			name = Debug;
		};
		2CF53FBB1F324703001C3D0A /* Release */ = {
			isa = XCBuildConfiguration;
			buildSettings = {
				ALWAYS_EMBED_SWIFT_STANDARD_LIBRARIES = YES;
				DEVELOPMENT_TEAM = 3WTM5PLDUE;
				INFOPLIST_FILE = YFMoreViewControllerUITests/Info.plist;
				LD_RUNPATH_SEARCH_PATHS = "$(inherited) @executable_path/Frameworks @loader_path/Frameworks";
				PRODUCT_BUNDLE_IDENTIFIER = com.coryphaei.YFMoreViewControllerUITests;
				PRODUCT_NAME = "$(TARGET_NAME)";
				SWIFT_VERSION = 4.0;
				TARGETED_DEVICE_FAMILY = "1,2";
				TEST_TARGET_NAME = YFMoreViewController;
			};
			name = Release;
		};
/* End XCBuildConfiguration section */

/* Begin XCConfigurationList section */
		2CF53F861F324703001C3D0A /* Build configuration list for PBXProject "YFMoreViewController" */ = {
			isa = XCConfigurationList;
			buildConfigurations = (
				2CF53FB11F324703001C3D0A /* Debug */,
				2CF53FB21F324703001C3D0A /* Release */,
			);
			defaultConfigurationIsVisible = 0;
			defaultConfigurationName = Release;
		};
		2CF53FB31F324703001C3D0A /* Build configuration list for PBXNativeTarget "YFMoreViewController" */ = {
			isa = XCConfigurationList;
			buildConfigurations = (
				2CF53FB41F324703001C3D0A /* Debug */,
				2CF53FB51F324703001C3D0A /* Release */,
			);
			defaultConfigurationIsVisible = 0;
			defaultConfigurationName = Release;
		};
		2CF53FB61F324703001C3D0A /* Build configuration list for PBXNativeTarget "YFMoreViewControllerTests" */ = {
			isa = XCConfigurationList;
			buildConfigurations = (
				2CF53FB71F324703001C3D0A /* Debug */,
				2CF53FB81F324703001C3D0A /* Release */,
			);
			defaultConfigurationIsVisible = 0;
			defaultConfigurationName = Release;
		};
		2CF53FB91F324703001C3D0A /* Build configuration list for PBXNativeTarget "YFMoreViewControllerUITests" */ = {
			isa = XCConfigurationList;
			buildConfigurations = (
				2CF53FBA1F324703001C3D0A /* Debug */,
				2CF53FBB1F324703001C3D0A /* Release */,
			);
			defaultConfigurationIsVisible = 0;
			defaultConfigurationName = Release;
		};
/* End XCConfigurationList section */
	};
	rootObject = 2CF53F831F324703001C3D0A /* Project object */;
}
